
Microsoft Visual Studio Solution File, Format Version 12.00
Project("{2150E333-8FDC-42A3-9474-1A3956D46DE8}") = "Nums", "Nums", "{A1EAD2CC-8A7B-4F62-B889-004A102ED2EB}"
EndProject
Project("{FAE04EC0-301F-11D3-BF4B-00C04F79EFBC}") = "Nums1", "Nums1\Nums1.csproj", "{A50F514A-CA08-4A33-BF27-6AF16DF28952}"
EndProject
Project("{FAE04EC0-301F-11D3-BF4B-00C04F79EFBC}") = "TestProject1", "TestProject1\TestProject1.csproj", "{0BF80108-80B7-4E06-AFDE-BBDB35EA7AB2}"
EndProject
Project("{2150E333-8FDC-42A3-9474-1A3956D46DE8}") = "Users", "Users", "{6E0F976B-8E54-4359-BEF7-7B1FFD270CB7}"
EndProject
Project("{FAE04EC0-301F-11D3-BF4B-00C04F79EFBC}") = "Users1", "Users1\Users1.csproj", "{6724C0DC-CEFF-4E3C-B2E0-A19B72B4CF79}"
EndProject
Project("{FAE04EC0-301F-11D3-BF4B-00C04F79EFBC}") = "UnitTestUsers", "UnitTestUsers\UnitTestUsers.csproj", "{0866FEBD-9ECB-4F95-AE36-7F183E546B6B}"
EndProject
Project("{2150E333-8FDC-42A3-9474-1A3956D46DE8}") = "DistinctBy", "DistinctBy", "{74578C98-4F82-4AEF-8F33-BB5D6C2463F6}"
EndProject
Project("{FAE04EC0-301F-11D3-BF4B-00C04F79EFBC}") = "DistinctBy1", "DistinctBy1\DistinctBy1.csproj", "{67D44E32-2F2D-44AD-A647-288C33320085}"
EndProject
Global
	GlobalSection(SolutionConfigurationPlatforms) = preSolution
		Debug|Any CPU = Debug|Any CPU
		Release|Any CPU = Release|Any CPU
	EndGlobalSection
	GlobalSection(NestedProjects) = preSolution
		{A50F514A-CA08-4A33-BF27-6AF16DF28952} = {A1EAD2CC-8A7B-4F62-B889-004A102ED2EB}
		{0BF80108-80B7-4E06-AFDE-BBDB35EA7AB2} = {A1EAD2CC-8A7B-4F62-B889-004A102ED2EB}
		{6724C0DC-CEFF-4E3C-B2E0-A19B72B4CF79} = {6E0F976B-8E54-4359-BEF7-7B1FFD270CB7}
		{0866FEBD-9ECB-4F95-AE36-7F183E546B6B} = {6E0F976B-8E54-4359-BEF7-7B1FFD270CB7}
		{67D44E32-2F2D-44AD-A647-288C33320085} = {74578C98-4F82-4AEF-8F33-BB5D6C2463F6}
	EndGlobalSection
	GlobalSection(ProjectConfigurationPlatforms) = postSolution
		{A50F514A-CA08-4A33-BF27-6AF16DF28952}.Debug|Any CPU.ActiveCfg = Debug|Any CPU
		{A50F514A-CA08-4A33-BF27-6AF16DF28952}.Debug|Any CPU.Build.0 = Debug|Any CPU
		{A50F514A-CA08-4A33-BF27-6AF16DF28952}.Release|Any CPU.ActiveCfg = Release|Any CPU
		{A50F514A-CA08-4A33-BF27-6AF16DF28952}.Release|Any CPU.Build.0 = Release|Any CPU
		{0BF80108-80B7-4E06-AFDE-BBDB35EA7AB2}.Debug|Any CPU.ActiveCfg = Debug|Any CPU
		{0BF80108-80B7-4E06-AFDE-BBDB35EA7AB2}.Debug|Any CPU.Build.0 = Debug|Any CPU
		{0BF80108-80B7-4E06-AFDE-BBDB35EA7AB2}.Release|Any CPU.ActiveCfg = Release|Any CPU
		{0BF80108-80B7-4E06-AFDE-BBDB35EA7AB2}.Release|Any CPU.Build.0 = Release|Any CPU
		{6724C0DC-CEFF-4E3C-B2E0-A19B72B4CF79}.Debug|Any CPU.ActiveCfg = Debug|Any CPU
		{6724C0DC-CEFF-4E3C-B2E0-A19B72B4CF79}.Debug|Any CPU.Build.0 = Debug|Any CPU
		{6724C0DC-CEFF-4E3C-B2E0-A19B72B4CF79}.Release|Any CPU.ActiveCfg = Release|Any CPU
		{6724C0DC-CEFF-4E3C-B2E0-A19B72B4CF79}.Release|Any CPU.Build.0 = Release|Any CPU
		{0866FEBD-9ECB-4F95-AE36-7F183E546B6B}.Debug|Any CPU.ActiveCfg = Debug|Any CPU
		{0866FEBD-9ECB-4F95-AE36-7F183E546B6B}.Debug|Any CPU.Build.0 = Debug|Any CPU
		{0866FEBD-9ECB-4F95-AE36-7F183E546B6B}.Release|Any CPU.ActiveCfg = Release|Any CPU
		{0866FEBD-9ECB-4F95-AE36-7F183E546B6B}.Release|Any CPU.Build.0 = Release|Any CPU
		{67D44E32-2F2D-44AD-A647-288C33320085}.Debug|Any CPU.ActiveCfg = Debug|Any CPU
		{67D44E32-2F2D-44AD-A647-288C33320085}.Debug|Any CPU.Build.0 = Debug|Any CPU
		{67D44E32-2F2D-44AD-A647-288C33320085}.Release|Any CPU.ActiveCfg = Release|Any CPU
		{67D44E32-2F2D-44AD-A647-288C33320085}.Release|Any CPU.Build.0 = Release|Any CPU
	EndGlobalSection
EndGlobal
